
Microsoft Visual Studio Solution File, Format Version 12.00
# Visual Studio Version 17
VisualStudioVersion = 17.9.34723.18
MinimumVisualStudioVersion = 10.0.40219.1
Project("{FAE04EC0-301F-11D3-BF4B-00C04F79EFBC}") = "WinTrust_Secure_Checker", "WinTrust_Secure_Checker\WinTrust_Secure_Checker.csproj", "{E5579EF0-D895-4C8E-B0AE-2DD633D1A692}"
EndProject
Project("{FAE04EC0-301F-11D3-BF4B-00C04F79EFBC}") = "WinTrust_Library", "WinTrust_Library\WinTrust_Library.csproj", "{4585D020-4616-42DC-A7C8-B5380FDE015A}"
EndProject
Global
	GlobalSection(SolutionConfigurationPlatforms) = preSolution
		Debug|Any CPU = Debug|Any CPU
		Release|Any CPU = Release|Any CPU
	EndGlobalSection
	GlobalSection(ProjectConfigurationPlatforms) = postSolution
		{E5579EF0-D895-4C8E-B0AE-2DD633D1A692}.Debug|Any CPU.ActiveCfg = Debug|Any CPU
		{E5579EF0-D895-4C8E-B0AE-2DD633D1A692}.Debug|Any CPU.Build.0 = Debug|Any CPU
		{E5579EF0-D895-4C8E-B0AE-2DD633D1A692}.Release|Any CPU.ActiveCfg = Release|Any CPU
		{E5579EF0-D895-4C8E-B0AE-2DD633D1A692}.Release|Any CPU.Build.0 = Release|Any CPU
		{4585D020-4616-42DC-A7C8-B5380FDE015A}.Debug|Any CPU.ActiveCfg = Debug|Any CPU
		{4585D020-4616-42DC-A7C8-B5380FDE015A}.Debug|Any CPU.Build.0 = Debug|Any CPU
		{4585D020-4616-42DC-A7C8-B5380FDE015A}.Release|Any CPU.ActiveCfg = Release|Any CPU
		{4585D020-4616-42DC-A7C8-B5380FDE015A}.Release|Any CPU.Build.0 = Release|Any CPU
	EndGlobalSection
	GlobalSection(SolutionProperties) = preSolution
		HideSolutionNode = FALSE
	EndGlobalSection
	GlobalSection(ExtensibilityGlobals) = postSolution
		SolutionGuid = {5903E110-E21D-483D-81B3-9F48157DB559}
	EndGlobalSection
EndGlobal
